PODS:
  - Flutter (1.0.0)
  - flutter_umengplus (0.0.1):
    - Flutter
    - UMCAnalytics
    - UMCCommon
    - UMCCommonLog
    - UMCErrorCatch
  - UMCAnalytics (6.0.5):
    - UMCCommon
  - UMCCommon (2.1.1)
  - UMCCommonLog (1.0.0)
  - UMCErrorCatch (1.0.0):
    - UMCCommon

DEPENDENCIES:
  - Flutter (from `Flutter`)
  - flutter_umengplus (from `.symlinks/plugins/flutter_umengplus/ios`)

SPEC REPOS:
  trunk:
    - UMCAnalytics
    - UMCCommon
    - UMCCommonLog
    - UMCErrorCatch

EXTERNAL SOURCES:
  Flutter:
    :path: Flutter
  flutter_umengplus:
    :path: ".symlinks/plugins/flutter_umengplus/ios"

SPEC CHECKSUMS:
  Flutter: 434fef37c0980e73bb6479ef766c45957d4b510c
  flutter_umengplus: e0f6a03baeefe92432c270b3aa1f0042cc4ec8a0
  UMCAnalytics: 045be2cd1ec05aa95ad62405a850757f932e2d59
  UMCCommon: 971f324a5a99c9d662ae040a815e7e3d7ef8b2a8
  UMCCommonLog: 05a2d5de21858e3d870551562cff405c1366d244
  UMCErrorCatch: 51f1b68f920233e90a3fa6d51f0456174507ec78

PODFILE CHECKSUM: 8e679eca47255a8ca8067c4c67aab20e64cb974d

COCOAPODS: 1.10.1
